
Microsoft Visual Studio Solution File, Format Version 12.00
# Visual Studio Version 16
VisualStudioVersion = 25.0.1700.4
MinimumVisualStudioVersion = 10.0.40219.1
Project("{FAE04EC0-301F-11D3-BF4B-00C04F79EFBC}") = "BadA.Employee", "BadA.Employee\BadA.Employee.csproj", "{4CB4CDE6-07D3-474B-83B7-A5A20C1FA035}"
EndProject
Global
	GlobalSection(SolutionConfigurationPlatforms) = preSolution
		Debug|Any CPU = Debug|Any CPU
		Release|Any CPU = Release|Any CPU
	EndGlobalSection
	GlobalSection(ProjectConfigurationPlatforms) = postSolution
		{4CB4CDE6-07D3-474B-83B7-A5A20C1FA035}.Debug|Any CPU.ActiveCfg = Debug|Any CPU
		{4CB4CDE6-07D3-474B-83B7-A5A20C1FA035}.Debug|Any CPU.Build.0 = Debug|Any CPU
		{4CB4CDE6-07D3-474B-83B7-A5A20C1FA035}.Release|Any CPU.ActiveCfg = Release|Any CPU
		{4CB4CDE6-07D3-474B-83B7-A5A20C1FA035}.Release|Any CPU.Build.0 = Release|Any CPU
	EndGlobalSection
	GlobalSection(SolutionProperties) = preSolution
		HideSolutionNode = FALSE
	EndGlobalSection
	GlobalSection(ExtensibilityGlobals) = postSolution
		SolutionGuid = {E2BCE2B8-B30E-49F4-AED2-CEE4C3A8E116}
	EndGlobalSection
EndGlobal
